
Microsoft Visual Studio Solution File, Format Version 12.00
# Visual Studio Version 16
VisualStudioVersion = 16.0.30320.27
MinimumVisualStudioVersion = 10.0.40219.1
Project("{FAE04EC0-301F-11D3-BF4B-00C04F79EFBC}") = "DrawCayleyTree", "DrawCayleyTree.csproj", "{798290E2-3C9E-4DDF-A595-024C201E567D}"
EndProject
Global
	GlobalSection(SolutionConfigurationPlatforms) = preSolution
		Debug|Any CPU = Debug|Any CPU
		Release|Any CPU = Release|Any CPU
	EndGlobalSection
	GlobalSection(ProjectConfigurationPlatforms) = postSolution
		{798290E2-3C9E-4DDF-A595-024C201E567D}.Debug|Any CPU.ActiveCfg = Debug|Any CPU
		{798290E2-3C9E-4DDF-A595-024C201E567D}.Debug|Any CPU.Build.0 = Debug|Any CPU
		{798290E2-3C9E-4DDF-A595-024C201E567D}.Release|Any CPU.ActiveCfg = Release|Any CPU
		{798290E2-3C9E-4DDF-A595-024C201E567D}.Release|Any CPU.Build.0 = Release|Any CPU
	EndGlobalSection
	GlobalSection(SolutionProperties) = preSolution
		HideSolutionNode = FALSE
	EndGlobalSection
	GlobalSection(ExtensibilityGlobals) = postSolution
		SolutionGuid = {652D24E4-651A-4FE7-B71F-D51A31F38FD5}
	EndGlobalSection
EndGlobal
